
Microsoft Visual Studio Solution File, Format Version 12.00
# Visual Studio 15
Project("{FAE04EC0-301F-11D3-BF4B-00C04F79EFBC}") = "BondYieldCalculator", "BondYieldCalculator.csproj", "{C729B47C-BF91-4F27-864B-DBAEFBE6B59A}"
EndProject
Project("{FAE04EC0-301F-11D3-BF4B-00C04F79EFBC}") = "BondYieldCalculatorTest", "BondYieldCalculatorTest\BondYieldCalculatorTest.csproj", "{38741B5A-7256-4D17-A76F-ACA3101F80B2}"
EndProject
Global
	GlobalSection(SolutionConfigurationPlatforms) = preSolution
		Debug|Any CPU = Debug|Any CPU
		Release|Any CPU = Release|Any CPU
	EndGlobalSection
	GlobalSection(ProjectConfigurationPlatforms) = postSolution
		{C729B47C-BF91-4F27-864B-DBAEFBE6B59A}.Debug|Any CPU.ActiveCfg = Debug|Any CPU
		{C729B47C-BF91-4F27-864B-DBAEFBE6B59A}.Debug|Any CPU.Build.0 = Debug|Any CPU
		{C729B47C-BF91-4F27-864B-DBAEFBE6B59A}.Release|Any CPU.ActiveCfg = Release|Any CPU
		{C729B47C-BF91-4F27-864B-DBAEFBE6B59A}.Release|Any CPU.Build.0 = Release|Any CPU
		{38741B5A-7256-4D17-A76F-ACA3101F80B2}.Debug|Any CPU.ActiveCfg = Debug|Any CPU
		{38741B5A-7256-4D17-A76F-ACA3101F80B2}.Debug|Any CPU.Build.0 = Debug|Any CPU
		{38741B5A-7256-4D17-A76F-ACA3101F80B2}.Release|Any CPU.ActiveCfg = Release|Any CPU
		{38741B5A-7256-4D17-A76F-ACA3101F80B2}.Release|Any CPU.Build.0 = Release|Any CPU
	EndGlobalSection
EndGlobal
