
Microsoft Visual Studio Solution File, Format Version 12.00
# Visual Studio 2012
Project("{FAE04EC0-301F-11D3-BF4B-00C04F79EFBC}") = "BondYieldCalculator", "BondYieldCalculator\BondYieldCalculator.csproj", "{AC405926-DFCC-407E-8A19-9BFAE9B79F22}"
EndProject
Project("{FAE04EC0-301F-11D3-BF4B-00C04F79EFBC}") = "BondYieldCalculatorTests", "BondYieldCalculatorTests\BondYieldCalculatorTests.csproj", "{20D85DFE-A964-4932-B3F4-C28C87F31E37}"
EndProject
Global
	GlobalSection(SolutionConfigurationPlatforms) = preSolution
		Debug|Any CPU = Debug|Any CPU
		Release|Any CPU = Release|Any CPU
	EndGlobalSection
	GlobalSection(ProjectConfigurationPlatforms) = postSolution
		{AC405926-DFCC-407E-8A19-9BFAE9B79F22}.Debug|Any CPU.ActiveCfg = Debug|Any CPU
		{AC405926-DFCC-407E-8A19-9BFAE9B79F22}.Debug|Any CPU.Build.0 = Debug|Any CPU
		{AC405926-DFCC-407E-8A19-9BFAE9B79F22}.Release|Any CPU.ActiveCfg = Release|Any CPU
		{AC405926-DFCC-407E-8A19-9BFAE9B79F22}.Release|Any CPU.Build.0 = Release|Any CPU
		{20D85DFE-A964-4932-B3F4-C28C87F31E37}.Debug|Any CPU.ActiveCfg = Debug|Any CPU
		{20D85DFE-A964-4932-B3F4-C28C87F31E37}.Debug|Any CPU.Build.0 = Debug|Any CPU
		{20D85DFE-A964-4932-B3F4-C28C87F31E37}.Release|Any CPU.ActiveCfg = Release|Any CPU
		{20D85DFE-A964-4932-B3F4-C28C87F31E37}.Release|Any CPU.Build.0 = Release|Any CPU
	EndGlobalSection
EndGlobal
