
Microsoft Visual Studio Solution File, Format Version 12.00
# Visual Studio 15
Project("{FAE04EC0-301F-11D3-BF4B-00C04F79EFBC}") = "BondYieldCalculator", "BondYieldCalculator.csproj", "{FE03B1FE-D316-4687-8DCF-43D6C1054CE4}"
EndProject
Project("{FAE04EC0-301F-11D3-BF4B-00C04F79EFBC}") = "BondYieldCalculatorTests", "..\BondYieldCalculatorTests\BondYieldCalculatorTests.csproj", "{4A899302-F081-4167-9AB7-AD72E2178940}"
EndProject
Global
	GlobalSection(SolutionConfigurationPlatforms) = preSolution
		Debug|Any CPU = Debug|Any CPU
		Release|Any CPU = Release|Any CPU
	EndGlobalSection
	GlobalSection(ProjectConfigurationPlatforms) = postSolution
		{FE03B1FE-D316-4687-8DCF-43D6C1054CE4}.Debug|Any CPU.ActiveCfg = Debug|Any CPU
		{FE03B1FE-D316-4687-8DCF-43D6C1054CE4}.Debug|Any CPU.Build.0 = Debug|Any CPU
		{FE03B1FE-D316-4687-8DCF-43D6C1054CE4}.Release|Any CPU.ActiveCfg = Release|Any CPU
		{FE03B1FE-D316-4687-8DCF-43D6C1054CE4}.Release|Any CPU.Build.0 = Release|Any CPU
		{4A899302-F081-4167-9AB7-AD72E2178940}.Debug|Any CPU.ActiveCfg = Debug|Any CPU
		{4A899302-F081-4167-9AB7-AD72E2178940}.Debug|Any CPU.Build.0 = Debug|Any CPU
		{4A899302-F081-4167-9AB7-AD72E2178940}.Release|Any CPU.ActiveCfg = Release|Any CPU
		{4A899302-F081-4167-9AB7-AD72E2178940}.Release|Any CPU.Build.0 = Release|Any CPU
	EndGlobalSection
EndGlobal
